// !$*UTF8*$!
{
	archiveVersion = 1;
	classes = {
	};
	objectVersion = 50;
	objects = {

/* Begin PBXBuildFile section */
		C9334A6C20EF993B007B6AB7 /* APIController.swift in Sources */ = {isa = PBXBuildFile; fileRef = C9334A6B20EF993B007B6AB7 /* APIController.swift */; };
		C9334A6E20EF9C11007B6AB7 /* APIQuery.swift in Sources */ = {isa = PBXBuildFile; fileRef = C9334A6D20EF9C11007B6AB7 /* APIQuery.swift */; };
		C9334A7020EF9EE4007B6AB7 /* APICallback.swift in Sources */ = {isa = PBXBuildFile; fileRef = C9334A6F20EF9EE4007B6AB7 /* APICallback.swift */; };
		C9334A7220EFA1E6007B6AB7 /* Queries.swift in Sources */ = {isa = PBXBuildFile; fileRef = C9334A7120EFA1E6007B6AB7 /* Queries.swift */; };
		C9334A8320EFCC43007B6AB7 /* Queries.swift in Sources */ = {isa = PBXBuildFile; fileRef = C9334A7120EFA1E6007B6AB7 /* Queries.swift */; };
		C9334A8420EFCE53007B6AB7 /* APIQuery.swift in Sources */ = {isa = PBXBuildFile; fileRef = C9334A6D20EF9C11007B6AB7 /* APIQuery.swift */; };
		C934373A20F292C800360D04 /* LocationController.swift in Sources */ = {isa = PBXBuildFile; fileRef = C934373920F292C800360D04 /* LocationController.swift */; };
		C934373B20F292C800360D04 /* LocationController.swift in Sources */ = {isa = PBXBuildFile; fileRef = C934373920F292C800360D04 /* LocationController.swift */; };
		C9776B8C20EF8ADC00FDD351 /* AppDelegate.swift in Sources */ = {isa = PBXBuildFile; fileRef = C9776B8B20EF8ADC00FDD351 /* AppDelegate.swift */; };
		C9776B9320EF8ADD00FDD351 /* Assets.xcassets in Resources */ = {isa = PBXBuildFile; fileRef = C9776B9220EF8ADD00FDD351 /* Assets.xcassets */; };
		C9776B9620EF8ADD00FDD351 /* LaunchScreen.storyboard in Resources */ = {isa = PBXBuildFile; fileRef = C9776B9420EF8ADD00FDD351 /* LaunchScreen.storyboard */; };
		C9A299DE20F0B82100F9B564 /* AppCoordinator.swift in Sources */ = {isa = PBXBuildFile; fileRef = C9A299DD20F0B82100F9B564 /* AppCoordinator.swift */; };
		C9A299DF20F0B82100F9B564 /* AppCoordinator.swift in Sources */ = {isa = PBXBuildFile; fileRef = C9A299DD20F0B82100F9B564 /* AppCoordinator.swift */; };
		C9A299E120F0C81700F9B564 /* StationsViewController.swift in Sources */ = {isa = PBXBuildFile; fileRef = C9A299E020F0C81700F9B564 /* StationsViewController.swift */; };
		C9A299E220F0C81700F9B564 /* StationsViewController.swift in Sources */ = {isa = PBXBuildFile; fileRef = C9A299E020F0C81700F9B564 /* StationsViewController.swift */; };
		C9A299E620F0C90C00F9B564 /* StationsViewModel.swift in Sources */ = {isa = PBXBuildFile; fileRef = C9A299E520F0C90C00F9B564 /* StationsViewModel.swift */; };
		C9A299E720F0C90C00F9B564 /* StationsViewModel.swift in Sources */ = {isa = PBXBuildFile; fileRef = C9A299E520F0C90C00F9B564 /* StationsViewModel.swift */; };
		C9A299EA20F0CE2500F9B564 /* StationsCollectionController.swift in Sources */ = {isa = PBXBuildFile; fileRef = C9A299E920F0CE2500F9B564 /* StationsCollectionController.swift */; };
		C9A299EB20F0CE2500F9B564 /* StationsCollectionController.swift in Sources */ = {isa = PBXBuildFile; fileRef = C9A299E920F0CE2500F9B564 /* StationsCollectionController.swift */; };
		C9A299ED20F0D32E00F9B564 /* StationsDataProvider.swift in Sources */ = {isa = PBXBuildFile; fileRef = C9A299EC20F0D32E00F9B564 /* StationsDataProvider.swift */; };
		C9A299EE20F0D32E00F9B564 /* StationsDataProvider.swift in Sources */ = {isa = PBXBuildFile; fileRef = C9A299EC20F0D32E00F9B564 /* StationsDataProvider.swift */; };
		C9A299F020F0E32E00F9B564 /* Session.swift in Sources */ = {isa = PBXBuildFile; fileRef = C9A299EF20F0E32E00F9B564 /* Session.swift */; };
		C9A299F120F0E32E00F9B564 /* Session.swift in Sources */ = {isa = PBXBuildFile; fileRef = C9A299EF20F0E32E00F9B564 /* Session.swift */; };
		C9A299F720F0EDA500F9B564 /* StationCollectionViewCell.swift in Sources */ = {isa = PBXBuildFile; fileRef = C9A299F520F0EDA500F9B564 /* StationCollectionViewCell.swift */; };
		C9A299F820F0EDA500F9B564 /* StationCollectionViewCell.swift in Sources */ = {isa = PBXBuildFile; fileRef = C9A299F520F0EDA500F9B564 /* StationCollectionViewCell.swift */; };
		C9A299F920F0EDA500F9B564 /* StationCollectionViewCell.xib in Resources */ = {isa = PBXBuildFile; fileRef = C9A299F620F0EDA500F9B564 /* StationCollectionViewCell.xib */; };
		C9A299FA20F0EDA500F9B564 /* StationCollectionViewCell.xib in Resources */ = {isa = PBXBuildFile; fileRef = C9A299F620F0EDA500F9B564 /* StationCollectionViewCell.xib */; };
		C9C092D020F21224003EC5AF /* StationDetailsViewController.swift in Sources */ = {isa = PBXBuildFile; fileRef = C9C092CF20F21224003EC5AF /* StationDetailsViewController.swift */; };
		C9C092D120F21224003EC5AF /* StationDetailsViewController.swift in Sources */ = {isa = PBXBuildFile; fileRef = C9C092CF20F21224003EC5AF /* StationDetailsViewController.swift */; };
		C9C092D320F23C2D003EC5AF /* BicycleAnnotationView.swift in Sources */ = {isa = PBXBuildFile; fileRef = C9C092D220F23C2D003EC5AF /* BicycleAnnotationView.swift */; };
		C9C092D420F23C2D003EC5AF /* BicycleAnnotationView.swift in Sources */ = {isa = PBXBuildFile; fileRef = C9C092D220F23C2D003EC5AF /* BicycleAnnotationView.swift */; };
/* End PBXBuildFile section */

/* Begin PBXContainerItemProxy section */
		C9334A7C20EFC77D007B6AB7 /* PBXContainerItemProxy */ = {
			isa = PBXContainerItemProxy;
			containerPortal = C9776B8020EF8ADC00FDD351 /* Project object */;
			proxyType = 1;
			remoteGlobalIDString = C9776B8720EF8ADC00FDD351;
			remoteInfo = "jd-task";
		};
/* End PBXContainerItemProxy section */

/* Begin PBXFileReference section */
		C9334A6B20EF993B007B6AB7 /* APIController.swift */ = {isa = PBXFileReference; lastKnownFileType = sourcecode.swift; path = APIController.swift; sourceTree = "<group>"; };
		C9334A6D20EF9C11007B6AB7 /* APIQuery.swift */ = {isa = PBXFileReference; lastKnownFileType = sourcecode.swift; path = APIQuery.swift; sourceTree = "<group>"; };
		C9334A6F20EF9EE4007B6AB7 /* APICallback.swift */ = {isa = PBXFileReference; fileEncoding = 4; lastKnownFileType = sourcecode.swift; path = APICallback.swift; sourceTree = "<group>"; };
		C9334A7120EFA1E6007B6AB7 /* Queries.swift */ = {isa = PBXFileReference; lastKnownFileType = sourcecode.swift; path = Queries.swift; sourceTree = "<group>"; };
		C9334A7720EFC77D007B6AB7 /* jd-taskTests.xctest */ = {isa = PBXFileReference; explicitFileType = wrapper.cfbundle; includeInIndex = 0; path = "jd-taskTests.xctest"; sourceTree = BUILT_PRODUCTS_DIR; };
		C9334A7B20EFC77D007B6AB7 /* Info.plist */ = {isa = PBXFileReference; lastKnownFileType = text.plist.xml; path = Info.plist; sourceTree = "<group>"; };
		C934373920F292C800360D04 /* LocationController.swift */ = {isa = PBXFileReference; lastKnownFileType = sourcecode.swift; path = LocationController.swift; sourceTree = "<group>"; };
		C9776B8820EF8ADC00FDD351 /* jd-task.app */ = {isa = PBXFileReference; explicitFileType = wrapper.application; includeInIndex = 0; path = "jd-task.app"; sourceTree = BUILT_PRODUCTS_DIR; };
		C9776B8B20EF8ADC00FDD351 /* AppDelegate.swift */ = {isa = PBXFileReference; lastKnownFileType = sourcecode.swift; path = AppDelegate.swift; sourceTree = "<group>"; };
		C9776B9220EF8ADD00FDD351 /* Assets.xcassets */ = {isa = PBXFileReference; lastKnownFileType = folder.assetcatalog; path = Assets.xcassets; sourceTree = "<group>"; };
		C9776B9520EF8ADD00FDD351 /* Base */ = {isa = PBXFileReference; lastKnownFileType = file.storyboard; name = Base; path = Base.lproj/LaunchScreen.storyboard; sourceTree = "<group>"; };
		C9776B9720EF8ADE00FDD351 /* Info.plist */ = {isa = PBXFileReference; lastKnownFileType = text.plist.xml; path = Info.plist; sourceTree = "<group>"; };
		C9A299DD20F0B82100F9B564 /* AppCoordinator.swift */ = {isa = PBXFileReference; lastKnownFileType = sourcecode.swift; path = AppCoordinator.swift; sourceTree = "<group>"; };
		C9A299E020F0C81700F9B564 /* StationsViewController.swift */ = {isa = PBXFileReference; lastKnownFileType = sourcecode.swift; path = StationsViewController.swift; sourceTree = "<group>"; };
		C9A299E520F0C90C00F9B564 /* StationsViewModel.swift */ = {isa = PBXFileReference; lastKnownFileType = sourcecode.swift; path = StationsViewModel.swift; sourceTree = "<group>"; };
		C9A299E920F0CE2500F9B564 /* StationsCollectionController.swift */ = {isa = PBXFileReference; lastKnownFileType = sourcecode.swift; path = StationsCollectionController.swift; sourceTree = "<group>"; };
		C9A299EC20F0D32E00F9B564 /* StationsDataProvider.swift */ = {isa = PBXFileReference; lastKnownFileType = sourcecode.swift; path = StationsDataProvider.swift; sourceTree = "<group>"; };
		C9A299EF20F0E32E00F9B564 /* Session.swift */ = {isa = PBXFileReference; lastKnownFileType = sourcecode.swift; path = Session.swift; sourceTree = "<group>"; };
		C9A299F520F0EDA500F9B564 /* StationCollectionViewCell.swift */ = {isa = PBXFileReference; lastKnownFileType = sourcecode.swift; path = StationCollectionViewCell.swift; sourceTree = "<group>"; };
		C9A299F620F0EDA500F9B564 /* StationCollectionViewCell.xib */ = {isa = PBXFileReference; lastKnownFileType = file.xib; path = StationCollectionViewCell.xib; sourceTree = "<group>"; };
		C9C092CF20F21224003EC5AF /* StationDetailsViewController.swift */ = {isa = PBXFileReference; lastKnownFileType = sourcecode.swift; path = StationDetailsViewController.swift; sourceTree = "<group>"; };
		C9C092D220F23C2D003EC5AF /* BicycleAnnotationView.swift */ = {isa = PBXFileReference; lastKnownFileType = sourcecode.swift; path = BicycleAnnotationView.swift; sourceTree = "<group>"; };
/* End PBXFileReference section */

/* Begin PBXFrameworksBuildPhase section */
		C9334A7420EFC77D007B6AB7 /* Frameworks */ = {
			isa = PBXFrameworksBuildPhase;
			buildActionMask = 2147483647;
			files = (
			);
			runOnlyForDeploymentPostprocessing = 0;
		};
		C9776B8520EF8ADC00FDD351 /* Frameworks */ = {
			isa = PBXFrameworksBuildPhase;
			buildActionMask = 2147483647;
			files = (
			);
			runOnlyForDeploymentPostprocessing = 0;
		};
/* End PBXFrameworksBuildPhase section */

/* Begin PBXGroup section */
		C9334A7820EFC77D007B6AB7 /* jd-taskTests */ = {
			isa = PBXGroup;
			children = (
				C9334A7B20EFC77D007B6AB7 /* Info.plist */,
			);
			path = "jd-taskTests";
			sourceTree = "<group>";
		};
		C934373E20F2BD5600360D04 /* Controllers */ = {
			isa = PBXGroup;
			children = (
				C9A299E920F0CE2500F9B564 /* StationsCollectionController.swift */,
				C934373920F292C800360D04 /* LocationController.swift */,
			);
			path = Controllers;
			sourceTree = "<group>";
		};
		C9398B1320EF94990072700E /* API */ = {
			isa = PBXGroup;
			children = (
				C9334A6B20EF993B007B6AB7 /* APIController.swift */,
				C9334A6D20EF9C11007B6AB7 /* APIQuery.swift */,
				C9334A6F20EF9EE4007B6AB7 /* APICallback.swift */,
				C9334A7120EFA1E6007B6AB7 /* Queries.swift */,
			);
			path = API;
			sourceTree = "<group>";
		};
		C9776B7F20EF8ADC00FDD351 = {
			isa = PBXGroup;
			children = (
				C9776B8A20EF8ADC00FDD351 /* jd-task */,
				C9334A7820EFC77D007B6AB7 /* jd-taskTests */,
				C9776B8920EF8ADC00FDD351 /* Products */,
			);
			sourceTree = "<group>";
		};
		C9776B8920EF8ADC00FDD351 /* Products */ = {
			isa = PBXGroup;
			children = (
				C9776B8820EF8ADC00FDD351 /* jd-task.app */,
				C9334A7720EFC77D007B6AB7 /* jd-taskTests.xctest */,
			);
			name = Products;
			sourceTree = "<group>";
		};
		C9776B8A20EF8ADC00FDD351 /* jd-task */ = {
			isa = PBXGroup;
			children = (
				C9776B8B20EF8ADC00FDD351 /* AppDelegate.swift */,
				C9A299DD20F0B82100F9B564 /* AppCoordinator.swift */,
				C9A299EF20F0E32E00F9B564 /* Session.swift */,
				C9A299EC20F0D32E00F9B564 /* StationsDataProvider.swift */,
				C934373E20F2BD5600360D04 /* Controllers */,
				C9A299FB20F0EDB000F9B564 /* Views */,
				C9A299E820F0C92F00F9B564 /* View Models */,
				C9A299E420F0C83400F9B564 /* View Controllers */,
				C9398B1320EF94990072700E /* API */,
				C9776B9220EF8ADD00FDD351 /* Assets.xcassets */,
				C9776B9420EF8ADD00FDD351 /* LaunchScreen.storyboard */,
				C9776B9720EF8ADE00FDD351 /* Info.plist */,
			);
			path = "jd-task";
			sourceTree = "<group>";
		};
		C9A299E420F0C83400F9B564 /* View Controllers */ = {
			isa = PBXGroup;
			children = (
				C9A299E020F0C81700F9B564 /* StationsViewController.swift */,
				C9C092CF20F21224003EC5AF /* StationDetailsViewController.swift */,
			);
			path = "View Controllers";
			sourceTree = "<group>";
		};
		C9A299E820F0C92F00F9B564 /* View Models */ = {
			isa = PBXGroup;
			children = (
				C9A299E520F0C90C00F9B564 /* StationsViewModel.swift */,
			);
			path = "View Models";
			sourceTree = "<group>";
		};
		C9A299FB20F0EDB000F9B564 /* Views */ = {
			isa = PBXGroup;
			children = (
				C9A299F520F0EDA500F9B564 /* StationCollectionViewCell.swift */,
				C9A299F620F0EDA500F9B564 /* StationCollectionViewCell.xib */,
				C9C092D220F23C2D003EC5AF /* BicycleAnnotationView.swift */,
			);
			path = Views;
			sourceTree = "<group>";
		};
/* End PBXGroup section */

/* Begin PBXNativeTarget section */
		C9334A7620EFC77D007B6AB7 /* jd-taskTests */ = {
			isa = PBXNativeTarget;
			buildConfigurationList = C9334A7E20EFC77D007B6AB7 /* Build configuration list for PBXNativeTarget "jd-taskTests" */;
			buildPhases = (
				C9334A7320EFC77D007B6AB7 /* Sources */,
				C9334A7420EFC77D007B6AB7 /* Frameworks */,
				C9334A7520EFC77D007B6AB7 /* Resources */,
			);
			buildRules = (
			);
			dependencies = (
				C9334A7D20EFC77D007B6AB7 /* PBXTargetDependency */,
			);
			name = "jd-taskTests";
			productName = "jd-taskTests";
			productReference = C9334A7720EFC77D007B6AB7 /* jd-taskTests.xctest */;
			productType = "com.apple.product-type.bundle.unit-test";
		};
		C9776B8720EF8ADC00FDD351 /* jd-task */ = {
			isa = PBXNativeTarget;
			buildConfigurationList = C9776B9A20EF8ADE00FDD351 /* Build configuration list for PBXNativeTarget "jd-task" */;
			buildPhases = (
				C9776B8420EF8ADC00FDD351 /* Sources */,
				C9776B8520EF8ADC00FDD351 /* Frameworks */,
				C9776B8620EF8ADC00FDD351 /* Resources */,
			);
			buildRules = (
			);
			dependencies = (
			);
			name = "jd-task";
			productName = "jd-task";
			productReference = C9776B8820EF8ADC00FDD351 /* jd-task.app */;
			productType = "com.apple.product-type.application";
		};
/* End PBXNativeTarget section */

/* Begin PBXProject section */
		C9776B8020EF8ADC00FDD351 /* Project object */ = {
			isa = PBXProject;
			attributes = {
				LastSwiftUpdateCheck = 0940;
				LastUpgradeCheck = 0940;
				ORGANIZATIONNAME = Karol;
				TargetAttributes = {
					C9334A7620EFC77D007B6AB7 = {
						CreatedOnToolsVersion = 9.4.1;
						TestTargetID = C9776B8720EF8ADC00FDD351;
					};
					C9776B8720EF8ADC00FDD351 = {
						CreatedOnToolsVersion = 9.4.1;
					};
				};
			};
			buildConfigurationList = C9776B8320EF8ADC00FDD351 /* Build configuration list for PBXProject "jd-task" */;
			compatibilityVersion = "Xcode 9.3";
			developmentRegion = en;
			hasScannedForEncodings = 0;
			knownRegions = (
				en,
				Base,
			);
			mainGroup = C9776B7F20EF8ADC00FDD351;
			productRefGroup = C9776B8920EF8ADC00FDD351 /* Products */;
			projectDirPath = "";
			projectRoot = "";
			targets = (
				C9776B8720EF8ADC00FDD351 /* jd-task */,
				C9334A7620EFC77D007B6AB7 /* jd-taskTests */,
			);
		};
/* End PBXProject section */

/* Begin PBXResourcesBuildPhase section */
		C9334A7520EFC77D007B6AB7 /* Resources */ = {
			isa = PBXResourcesBuildPhase;
			buildActionMask = 2147483647;
			files = (
				C9A299FA20F0EDA500F9B564 /* StationCollectionViewCell.xib in Resources */,
			);
			runOnlyForDeploymentPostprocessing = 0;
		};
		C9776B8620EF8ADC00FDD351 /* Resources */ = {
			isa = PBXResourcesBuildPhase;
			buildActionMask = 2147483647;
			files = (
				C9776B9620EF8ADD00FDD351 /* LaunchScreen.storyboard in Resources */,
				C9776B9320EF8ADD00FDD351 /* Assets.xcassets in Resources */,
				C9A299F920F0EDA500F9B564 /* StationCollectionViewCell.xib in Resources */,
			);
			runOnlyForDeploymentPostprocessing = 0;
		};
/* End PBXResourcesBuildPhase section */

/* Begin PBXSourcesBuildPhase section */
		C9334A7320EFC77D007B6AB7 /* Sources */ = {
			isa = PBXSourcesBuildPhase;
			buildActionMask = 2147483647;
			files = (
				C9C092D120F21224003EC5AF /* StationDetailsViewController.swift in Sources */,
				C9A299DF20F0B82100F9B564 /* AppCoordinator.swift in Sources */,
				C9A299EE20F0D32E00F9B564 /* StationsDataProvider.swift in Sources */,
				C9A299F820F0EDA500F9B564 /* StationCollectionViewCell.swift in Sources */,
				C934373B20F292C800360D04 /* LocationController.swift in Sources */,
				C9334A8420EFCE53007B6AB7 /* APIQuery.swift in Sources */,
				C9334A8320EFCC43007B6AB7 /* Queries.swift in Sources */,
				C9A299F120F0E32E00F9B564 /* Session.swift in Sources */,
				C9A299E720F0C90C00F9B564 /* StationsViewModel.swift in Sources */,
				C9A299EB20F0CE2500F9B564 /* StationsCollectionController.swift in Sources */,
				C9C092D420F23C2D003EC5AF /* BicycleAnnotationView.swift in Sources */,
				C9A299E220F0C81700F9B564 /* StationsViewController.swift in Sources */,
			);
			runOnlyForDeploymentPostprocessing = 0;
		};
		C9776B8420EF8ADC00FDD351 /* Sources */ = {
			isa = PBXSourcesBuildPhase;
			buildActionMask = 2147483647;
			files = (
				C9C092D020F21224003EC5AF /* StationDetailsViewController.swift in Sources */,
				C9A299F720F0EDA500F9B564 /* StationCollectionViewCell.swift in Sources */,
				C9334A6E20EF9C11007B6AB7 /* APIQuery.swift in Sources */,
				C9C092D320F23C2D003EC5AF /* BicycleAnnotationView.swift in Sources */,
				C9334A7220EFA1E6007B6AB7 /* Queries.swift in Sources */,
				C9A299E620F0C90C00F9B564 /* StationsViewModel.swift in Sources */,
				C9A299EA20F0CE2500F9B564 /* StationsCollectionController.swift in Sources */,
				C9A299E120F0C81700F9B564 /* StationsViewController.swift in Sources */,
				C9776B8C20EF8ADC00FDD351 /* AppDelegate.swift in Sources */,
				C9334A7020EF9EE4007B6AB7 /* APICallback.swift in Sources */,
				C9A299F020F0E32E00F9B564 /* Session.swift in Sources */,
				C9334A6C20EF993B007B6AB7 /* APIController.swift in Sources */,
				C9A299DE20F0B82100F9B564 /* AppCoordinator.swift in Sources */,
				C934373A20F292C800360D04 /* LocationController.swift in Sources */,
				C9A299ED20F0D32E00F9B564 /* StationsDataProvider.swift in Sources */,
			);
			runOnlyForDeploymentPostprocessing = 0;
		};
/* End PBXSourcesBuildPhase section */

/* Begin PBXTargetDependency section */
		C9334A7D20EFC77D007B6AB7 /* PBXTargetDependency */ = {
			isa = PBXTargetDependency;
			target = C9776B8720EF8ADC00FDD351 /* jd-task */;
			targetProxy = C9334A7C20EFC77D007B6AB7 /* PBXContainerItemProxy */;
		};
/* End PBXTargetDependency section */

/* Begin PBXVariantGroup section */
		C9776B9420EF8ADD00FDD351 /* LaunchScreen.storyboard */ = {
			isa = PBXVariantGroup;
			children = (
				C9776B9520EF8ADD00FDD351 /* Base */,
			);
			name = LaunchScreen.storyboard;
			sourceTree = "<group>";
		};
/* End PBXVariantGroup section */

/* Begin XCBuildConfiguration section */
		C9334A7F20EFC77D007B6AB7 /* Debug */ = {
			isa = XCBuildConfiguration;
			buildSettings = {
				BUNDLE_LOADER = "$(TEST_HOST)";
				CODE_SIGN_STYLE = Automatic;
				INFOPLIST_FILE = "jd-taskTests/Info.plist";
				LD_RUNPATH_SEARCH_PATHS = (
					"$(inherited)",
					"@executable_path/Frameworks",
					"@loader_path/Frameworks",
				);
				PRODUCT_BUNDLE_IDENTIFIER = "kb.jd-taskTests";
				PRODUCT_NAME = "$(TARGET_NAME)";
				SWIFT_VERSION = 4.0;
				TARGETED_DEVICE_FAMILY = "1,2";
				TEST_HOST = "$(BUILT_PRODUCTS_DIR)/jd-task.app/jd-task";
			};
			name = Debug;
		};
		C9334A8020EFC77D007B6AB7 /* Release */ = {
			isa = XCBuildConfiguration;
			buildSettings = {
				BUNDLE_LOADER = "$(TEST_HOST)";
				CODE_SIGN_STYLE = Automatic;
				INFOPLIST_FILE = "jd-taskTests/Info.plist";
				LD_RUNPATH_SEARCH_PATHS = (
					"$(inherited)",
					"@executable_path/Frameworks",
					"@loader_path/Frameworks",
				);
				PRODUCT_BUNDLE_IDENTIFIER = "kb.jd-taskTests";
				PRODUCT_NAME = "$(TARGET_NAME)";
				SWIFT_VERSION = 4.0;
				TARGETED_DEVICE_FAMILY = "1,2";
				TEST_HOST = "$(BUILT_PRODUCTS_DIR)/jd-task.app/jd-task";
			};
			name = Release;
		};
		C9776B9820EF8ADE00FDD351 /* Debug */ = {
			isa = XCBuildConfiguration;
			buildSettings = {
				ALWAYS_SEARCH_USER_PATHS = NO;
				CLANG_ANALYZER_NONNULL = YES;
				CLANG_ANALYZER_NUMBER_OBJECT_CONVERSION = YES_AGGRESSIVE;
				CLANG_CXX_LANGUAGE_STANDARD = "gnu++14";
				CLANG_CXX_LIBRARY = "libc++";
				CLANG_ENABLE_MODULES = YES;
				CLANG_ENABLE_OBJC_ARC = YES;
				CLANG_ENABLE_OBJC_WEAK = YES;
				CLANG_WARN_BLOCK_CAPTURE_AUTORELEASING = YES;
				CLANG_WARN_BOOL_CONVERSION = YES;
				CLANG_WARN_COMMA = YES;
				CLANG_WARN_CONSTANT_CONVERSION = YES;
				CLANG_WARN_DEPRECATED_OBJC_IMPLEMENTATIONS = YES;
				CLANG_WARN_DIRECT_OBJC_ISA_USAGE = YES_ERROR;
				CLANG_WARN_DOCUMENTATION_COMMENTS = YES;
				CLANG_WARN_EMPTY_BODY = YES;
				CLANG_WARN_ENUM_CONVERSION = YES;
				CLANG_WARN_INFINITE_RECURSION = YES;
				CLANG_WARN_INT_CONVERSION = YES;
				CLANG_WARN_NON_LITERAL_NULL_CONVERSION = YES;
				CLANG_WARN_OBJC_IMPLICIT_RETAIN_SELF = YES;
				CLANG_WARN_OBJC_LITERAL_CONVERSION = YES;
				CLANG_WARN_OBJC_ROOT_CLASS = YES_ERROR;
				CLANG_WARN_RANGE_LOOP_ANALYSIS = YES;
				CLANG_WARN_STRICT_PROTOTYPES = YES;
				CLANG_WARN_SUSPICIOUS_MOVE = YES;
				CLANG_WARN_UNGUARDED_AVAILABILITY = YES_AGGRESSIVE;
				CLANG_WARN_UNREACHABLE_CODE = YES;
				CLANG_WARN__DUPLICATE_METHOD_MATCH = YES;
				CODE_SIGN_IDENTITY = "iPhone Developer";
				COPY_PHASE_STRIP = NO;
				DEBUG_INFORMATION_FORMAT = dwarf;
				ENABLE_STRICT_OBJC_MSGSEND = YES;
				ENABLE_TESTABILITY = YES;
				GCC_C_LANGUAGE_STANDARD = gnu11;
				GCC_DYNAMIC_NO_PIC = NO;
				GCC_NO_COMMON_BLOCKS = YES;
				GCC_OPTIMIZATION_LEVEL = 0;
				GCC_PREPROCESSOR_DEFINITIONS = (
					"DEBUG=1",
					"$(inherited)",
				);
				GCC_WARN_64_TO_32_BIT_CONVERSION = YES;
				GCC_WARN_ABOUT_RETURN_TYPE = YES_ERROR;
				GCC_WARN_UNDECLARED_SELECTOR = YES;
				GCC_WARN_UNINITIALIZED_AUTOS = YES_AGGRESSIVE;
				GCC_WARN_UNUSED_FUNCTION = YES;
				GCC_WARN_UNUSED_VARIABLE = YES;
				IPHONEOS_DEPLOYMENT_TARGET = 11.4;
				MTL_ENABLE_DEBUG_INFO = YES;
				ONLY_ACTIVE_ARCH = YES;
				SDKROOT = iphoneos;
				SWIFT_ACTIVE_COMPILATION_CONDITIONS = DEBUG;
				SWIFT_OPTIMIZATION_LEVEL = "-Onone";
			};
			name = Debug;
		};
		C9776B9920EF8ADE00FDD351 /* Release */ = {
			isa = XCBuildConfiguration;
			buildSettings = {
				ALWAYS_SEARCH_USER_PATHS = NO;
				CLANG_ANALYZER_NONNULL = YES;
				CLANG_ANALYZER_NUMBER_OBJECT_CONVERSION = YES_AGGRESSIVE;
				CLANG_CXX_LANGUAGE_STANDARD = "gnu++14";
				CLANG_CXX_LIBRARY = "libc++";
				CLANG_ENABLE_MODULES = YES;
				CLANG_ENABLE_OBJC_ARC = YES;
				CLANG_ENABLE_OBJC_WEAK = YES;
				CLANG_WARN_BLOCK_CAPTURE_AUTORELEASING = YES;
				CLANG_WARN_BOOL_CONVERSION = YES;
				CLANG_WARN_COMMA = YES;
				CLANG_WARN_CONSTANT_CONVERSION = YES;
				CLANG_WARN_DEPRECATED_OBJC_IMPLEMENTATIONS = YES;
				CLANG_WARN_DIRECT_OBJC_ISA_USAGE = YES_ERROR;
				CLANG_WARN_DOCUMENTATION_COMMENTS = YES;
				CLANG_WARN_EMPTY_BODY = YES;
				CLANG_WARN_ENUM_CONVERSION = YES;
				CLANG_WARN_INFINITE_RECURSION = YES;
				CLANG_WARN_INT_CONVERSION = YES;
				CLANG_WARN_NON_LITERAL_NULL_CONVERSION = YES;
				CLANG_WARN_OBJC_IMPLICIT_RETAIN_SELF = YES;
				CLANG_WARN_OBJC_LITERAL_CONVERSION = YES;
				CLANG_WARN_OBJC_ROOT_CLASS = YES_ERROR;
				CLANG_WARN_RANGE_LOOP_ANALYSIS = YES;
				CLANG_WARN_STRICT_PROTOTYPES = YES;
				CLANG_WARN_SUSPICIOUS_MOVE = YES;
				CLANG_WARN_UNGUARDED_AVAILABILITY = YES_AGGRESSIVE;
				CLANG_WARN_UNREACHABLE_CODE = YES;
				CLANG_WARN__DUPLICATE_METHOD_MATCH = YES;
				CODE_SIGN_IDENTITY = "iPhone Developer";
				COPY_PHASE_STRIP = NO;
				DEBUG_INFORMATION_FORMAT = "dwarf-with-dsym";
				ENABLE_NS_ASSERTIONS = NO;
				ENABLE_STRICT_OBJC_MSGSEND = YES;
				GCC_C_LANGUAGE_STANDARD = gnu11;
				GCC_NO_COMMON_BLOCKS = YES;
				GCC_WARN_64_TO_32_BIT_CONVERSION = YES;
				GCC_WARN_ABOUT_RETURN_TYPE = YES_ERROR;
				GCC_WARN_UNDECLARED_SELECTOR = YES;
				GCC_WARN_UNINITIALIZED_AUTOS = YES_AGGRESSIVE;
				GCC_WARN_UNUSED_FUNCTION = YES;
				GCC_WARN_UNUSED_VARIABLE = YES;
				IPHONEOS_DEPLOYMENT_TARGET = 11.4;
				MTL_ENABLE_DEBUG_INFO = NO;
				SDKROOT = iphoneos;
				SWIFT_COMPILATION_MODE = wholemodule;
				SWIFT_OPTIMIZATION_LEVEL = "-O";
				VALIDATE_PRODUCT = YES;
			};
			name = Release;
		};
		C9776B9B20EF8ADE00FDD351 /* Debug */ = {
			isa = XCBuildConfiguration;
			buildSettings = {
				ASSETCATALOG_COMPILER_APPICON_NAME = AppIcon;
				CODE_SIGN_STYLE = Automatic;
				INFOPLIST_FILE = "jd-task/Info.plist";
				LD_RUNPATH_SEARCH_PATHS = (
					"$(inherited)",
					"@executable_path/Frameworks",
				);
				PRODUCT_BUNDLE_IDENTIFIER = "kb.jd-task";
				PRODUCT_NAME = "$(TARGET_NAME)";
				SWIFT_VERSION = 4.0;
				TARGETED_DEVICE_FAMILY = "1,2";
			};
			name = Debug;
		};
		C9776B9C20EF8ADE00FDD351 /* Release */ = {
			isa = XCBuildConfiguration;
			buildSettings = {
				ASSETCATALOG_COMPILER_APPICON_NAME = AppIcon;
				CODE_SIGN_STYLE = Automatic;
				INFOPLIST_FILE = "jd-task/Info.plist";
				LD_RUNPATH_SEARCH_PATHS = (
					"$(inherited)",
					"@executable_path/Frameworks",
				);
				PRODUCT_BUNDLE_IDENTIFIER = "kb.jd-task";
				PRODUCT_NAME = "$(TARGET_NAME)";
				SWIFT_VERSION = 4.0;
				TARGETED_DEVICE_FAMILY = "1,2";
			};
			name = Release;
		};
/* End XCBuildConfiguration section */

/* Begin XCConfigurationList section */
		C9334A7E20EFC77D007B6AB7 /* Build configuration list for PBXNativeTarget "jd-taskTests" */ = {
			isa = XCConfigurationList;
			buildConfigurations = (
				C9334A7F20EFC77D007B6AB7 /* Debug */,
				C9334A8020EFC77D007B6AB7 /* Release */,
			);
			defaultConfigurationIsVisible = 0;
			defaultConfigurationName = Release;
		};
		C9776B8320EF8ADC00FDD351 /* Build configuration list for PBXProject "jd-task" */ = {
			isa = XCConfigurationList;
			buildConfigurations = (
				C9776B9820EF8ADE00FDD351 /* Debug */,
				C9776B9920EF8ADE00FDD351 /* Release */,
			);
			defaultConfigurationIsVisible = 0;
			defaultConfigurationName = Release;
		};
		C9776B9A20EF8ADE00FDD351 /* Build configuration list for PBXNativeTarget "jd-task" */ = {
			isa = XCConfigurationList;
			buildConfigurations = (
				C9776B9B20EF8ADE00FDD351 /* Debug */,
				C9776B9C20EF8ADE00FDD351 /* Release */,
			);
			defaultConfigurationIsVisible = 0;
			defaultConfigurationName = Release;
		};
/* End XCConfigurationList section */
	};
	rootObject = C9776B8020EF8ADC00FDD351 /* Project object */;
}
